
Microsoft Visual Studio Solution File, Format Version 12.00
# Visual Studio Version 16
VisualStudioVersion = 16.0.29123.88
MinimumVisualStudioVersion = 10.0.40219.1
Project("{9A19103F-16F7-4668-BE54-9A1E7A4F7556}") = "EmployeeManagement", "EmployeeManagement.csproj", "{1773A7F4-5F23-4D15-B37B-D0356E3F009A}"
EndProject
Global
	GlobalSection(SolutionConfigurationPlatforms) = preSolution
		Debug|Any CPU = Debug|Any CPU
		Release|Any CPU = Release|Any CPU
	EndGlobalSection
	GlobalSection(ProjectConfigurationPlatforms) = postSolution
		{1773A7F4-5F23-4D15-B37B-D0356E3F009A}.Debug|Any CPU.ActiveCfg = Debug|Any CPU
		{1773A7F4-5F23-4D15-B37B-D0356E3F009A}.Debug|Any CPU.Build.0 = Debug|Any CPU
		{1773A7F4-5F23-4D15-B37B-D0356E3F009A}.Release|Any CPU.ActiveCfg = Release|Any CPU
		{1773A7F4-5F23-4D15-B37B-D0356E3F009A}.Release|Any CPU.Build.0 = Release|Any CPU
	EndGlobalSection
	GlobalSection(SolutionProperties) = preSolution
		HideSolutionNode = FALSE
	EndGlobalSection
	GlobalSection(ExtensibilityGlobals) = postSolution
		SolutionGuid = {1C1A881A-B278-4BC6-A46E-B7BA5C272995}
	EndGlobalSection
EndGlobal
